{
  "name": "a95e0f536cf9a537",
  "lockfileVersion": 3,
  "requires": true,
  "packages": {
    "": {
      "dependencies": {
        "nuxi": "^3.11.1"
      }
    },
    "node_modules/fsevents": {
      "version": "2.3.3",
      "resolved": "https://registry.npmjs.org/fsevents/-/fsevents-2.3.3.tgz",
      "integrity": "sha512-5xoDfX+fL7faATnagmWPpbFtwh/R77WmMMqqHGS65C3vvB0YHrgF+B1YmZ3441tMj5n63k0212XNoJwzlhffQw==",
      "hasInstallScript": true,
      "optional": true,
      "os": [
        "darwin"
      ],
      "engines": {
        "node": "^8.16.0 || ^10.6.0 || >=11.0.0"
      }
    },
    "node_modules/nuxi": {
      "version": "3.11.1",
      "resolved": "https://registry.npmjs.org/nuxi/-/nuxi-3.11.1.tgz",
      "integrity": "sha512-AW71TpxRHNg8MplQVju9tEFvXPvX42e0wPYknutSStDuAjV99vWTWYed4jxr/grk2FtKAuv2KvdJxcn2W59qyg==",
      "bin": {
        "nuxi": "bin/nuxi.mjs",
        "nuxi-ng": "bin/nuxi.mjs",
        "nuxt": "bin/nuxi.mjs",
        "nuxt-cli": "bin/nuxi.mjs"
      },
      "engines": {
        "node": "^16.10.0 || >=18.0.0"
      },
      "optionalDependencies": {
        "fsevents": "~2.3.3"
      }
    }
  }
}
